
Microsoft Visual Studio Solution File, Format Version 12.00
# Visual Studio Version 16
VisualStudioVersion = 16.0.30128.74
MinimumVisualStudioVersion = 10.0.40219.1
Project("{9A19103F-16F7-4668-BE54-9A1E7A4F7556}") = "AcFunDanmu", "AcFunDanmu\AcFunDanmu.csproj", "{1698860B-7DC2-4222-8A04-031A4BB76B82}"
EndProject
Project("{9A19103F-16F7-4668-BE54-9A1E7A4F7556}") = "AcFunDanmuConsole", "AcFunDanmuConsole\AcFunDanmuConsole.csproj", "{7F216CC8-E4C3-4437-BA4B-768C925AD1C5}"
EndProject
Project("{9A19103F-16F7-4668-BE54-9A1E7A4F7556}") = "AcFunDanmuLottery", "AcFunDanmuLottery\AcFunDanmuLottery.csproj", "{50F7456F-A731-429F-BDEC-E65FD5557BF8}"
EndProject
Project("{2150E333-8FDC-42A3-9474-1A3956D46DE8}") = "Solution Items", "Solution Items", "{8E9E6CC2-47A0-4419-893B-ACFA2F87BB88}"
	ProjectSection(SolutionItems) = preProject
		README.md = README.md
	EndProjectSection
EndProject
Project("{9A19103F-16F7-4668-BE54-9A1E7A4F7556}") = "AcFunCommentLottery", "AcFunCommentLottery\AcFunCommentLottery.csproj", "{ADE48A38-4084-41C7-AC81-FB86CCF424BD}"
EndProject
Project("{9A19103F-16F7-4668-BE54-9A1E7A4F7556}") = "AcFunDanmuSongRequest", "AcFunDanmuSongRequest\AcFunDanmuSongRequest.csproj", "{A98B7E5D-F8D3-4E9F-BB9C-AAAE0670F3C1}"
EndProject
Project("{FAE04EC0-301F-11D3-BF4B-00C04F79EFBC}") = "AcFunDGJ", "AcFunDGJ\AcFunDGJ.csproj", "{3ADA5B46-0ECC-436D-8BEC-38998691A484}"
EndProject
Global
	GlobalSection(SolutionConfigurationPlatforms) = preSolution
		Debug|Any CPU = Debug|Any CPU
		Release|Any CPU = Release|Any CPU
	EndGlobalSection
	GlobalSection(ProjectConfigurationPlatforms) = postSolution
		{1698860B-7DC2-4222-8A04-031A4BB76B82}.Debug|Any CPU.ActiveCfg = Debug|Any CPU
		{1698860B-7DC2-4222-8A04-031A4BB76B82}.Debug|Any CPU.Build.0 = Debug|Any CPU
		{1698860B-7DC2-4222-8A04-031A4BB76B82}.Release|Any CPU.ActiveCfg = Release|Any CPU
		{1698860B-7DC2-4222-8A04-031A4BB76B82}.Release|Any CPU.Build.0 = Release|Any CPU
		{7F216CC8-E4C3-4437-BA4B-768C925AD1C5}.Debug|Any CPU.ActiveCfg = Debug|Any CPU
		{7F216CC8-E4C3-4437-BA4B-768C925AD1C5}.Debug|Any CPU.Build.0 = Debug|Any CPU
		{7F216CC8-E4C3-4437-BA4B-768C925AD1C5}.Release|Any CPU.ActiveCfg = Release|Any CPU
		{7F216CC8-E4C3-4437-BA4B-768C925AD1C5}.Release|Any CPU.Build.0 = Release|Any CPU
		{50F7456F-A731-429F-BDEC-E65FD5557BF8}.Debug|Any CPU.ActiveCfg = Debug|Any CPU
		{50F7456F-A731-429F-BDEC-E65FD5557BF8}.Debug|Any CPU.Build.0 = Debug|Any CPU
		{50F7456F-A731-429F-BDEC-E65FD5557BF8}.Release|Any CPU.ActiveCfg = Release|Any CPU
		{50F7456F-A731-429F-BDEC-E65FD5557BF8}.Release|Any CPU.Build.0 = Release|Any CPU
		{ADE48A38-4084-41C7-AC81-FB86CCF424BD}.Debug|Any CPU.ActiveCfg = Debug|Any CPU
		{ADE48A38-4084-41C7-AC81-FB86CCF424BD}.Debug|Any CPU.Build.0 = Debug|Any CPU
		{ADE48A38-4084-41C7-AC81-FB86CCF424BD}.Release|Any CPU.ActiveCfg = Release|Any CPU
		{ADE48A38-4084-41C7-AC81-FB86CCF424BD}.Release|Any CPU.Build.0 = Release|Any CPU
		{A98B7E5D-F8D3-4E9F-BB9C-AAAE0670F3C1}.Debug|Any CPU.ActiveCfg = Debug|Any CPU
		{A98B7E5D-F8D3-4E9F-BB9C-AAAE0670F3C1}.Debug|Any CPU.Build.0 = Debug|Any CPU
		{A98B7E5D-F8D3-4E9F-BB9C-AAAE0670F3C1}.Release|Any CPU.ActiveCfg = Release|Any CPU
		{A98B7E5D-F8D3-4E9F-BB9C-AAAE0670F3C1}.Release|Any CPU.Build.0 = Release|Any CPU
		{3ADA5B46-0ECC-436D-8BEC-38998691A484}.Debug|Any CPU.ActiveCfg = Debug|Any CPU
		{3ADA5B46-0ECC-436D-8BEC-38998691A484}.Debug|Any CPU.Build.0 = Debug|Any CPU
		{3ADA5B46-0ECC-436D-8BEC-38998691A484}.Release|Any CPU.ActiveCfg = Release|Any CPU
		{3ADA5B46-0ECC-436D-8BEC-38998691A484}.Release|Any CPU.Build.0 = Release|Any CPU
	EndGlobalSection
	GlobalSection(SolutionProperties) = preSolution
		HideSolutionNode = FALSE
	EndGlobalSection
	GlobalSection(ExtensibilityGlobals) = postSolution
		SolutionGuid = {FE8C9437-7382-4571-A873-195558F4EAEF}
	EndGlobalSection
EndGlobal
