
Microsoft Visual Studio Solution File, Format Version 12.00
# Visual Studio Version 17
VisualStudioVersion = 17.1.32421.90
MinimumVisualStudioVersion = 10.0.40219.1
Project("{9A19103F-16F7-4668-BE54-9A1E7A4F7556}") = "AcFunDanmu", "AcFunDanmu\AcFunDanmu.csproj", "{1698860B-7DC2-4222-8A04-031A4BB76B82}"
EndProject
Project("{9A19103F-16F7-4668-BE54-9A1E7A4F7556}") = "AcFunDanmuConsole", "AcFunDanmuConsole\AcFunDanmuConsole.csproj", "{7F216CC8-E4C3-4437-BA4B-768C925AD1C5}"
EndProject
Project("{2150E333-8FDC-42A3-9474-1A3956D46DE8}") = "Solution Items", "Solution Items", "{8E9E6CC2-47A0-4419-893B-ACFA2F87BB88}"
	ProjectSection(SolutionItems) = preProject
		.gitignore = .gitignore
		README.md = README.md
	EndProjectSection
EndProject
Project("{9A19103F-16F7-4668-BE54-9A1E7A4F7556}") = "ProtoGenerator", "ProtoGenerator\ProtoGenerator.csproj", "{A8DC4390-E408-4B7A-9765-579C58D73AF5}"
EndProject
Global
	GlobalSection(SolutionConfigurationPlatforms) = preSolution
		Debug|Any CPU = Debug|Any CPU
		Release|Any CPU = Release|Any CPU
	EndGlobalSection
	GlobalSection(ProjectConfigurationPlatforms) = postSolution
		{1698860B-7DC2-4222-8A04-031A4BB76B82}.Debug|Any CPU.ActiveCfg = Debug|Any CPU
		{1698860B-7DC2-4222-8A04-031A4BB76B82}.Debug|Any CPU.Build.0 = Debug|Any CPU
		{1698860B-7DC2-4222-8A04-031A4BB76B82}.Release|Any CPU.ActiveCfg = Release|Any CPU
		{1698860B-7DC2-4222-8A04-031A4BB76B82}.Release|Any CPU.Build.0 = Release|Any CPU
		{7F216CC8-E4C3-4437-BA4B-768C925AD1C5}.Debug|Any CPU.ActiveCfg = Debug|Any CPU
		{7F216CC8-E4C3-4437-BA4B-768C925AD1C5}.Debug|Any CPU.Build.0 = Debug|Any CPU
		{7F216CC8-E4C3-4437-BA4B-768C925AD1C5}.Release|Any CPU.ActiveCfg = Release|Any CPU
		{7F216CC8-E4C3-4437-BA4B-768C925AD1C5}.Release|Any CPU.Build.0 = Release|Any CPU
		{A8DC4390-E408-4B7A-9765-579C58D73AF5}.Debug|Any CPU.ActiveCfg = Debug|Any CPU
		{A8DC4390-E408-4B7A-9765-579C58D73AF5}.Debug|Any CPU.Build.0 = Debug|Any CPU
		{A8DC4390-E408-4B7A-9765-579C58D73AF5}.Release|Any CPU.ActiveCfg = Release|Any CPU
		{A8DC4390-E408-4B7A-9765-579C58D73AF5}.Release|Any CPU.Build.0 = Release|Any CPU
	EndGlobalSection
	GlobalSection(SolutionProperties) = preSolution
		HideSolutionNode = FALSE
	EndGlobalSection
	GlobalSection(ExtensibilityGlobals) = postSolution
		SolutionGuid = {FE8C9437-7382-4571-A873-195558F4EAEF}
	EndGlobalSection
EndGlobal
