
Microsoft Visual Studio Solution File, Format Version 12.00
# Visual Studio Version 16
VisualStudioVersion = 16.0.30128.74
MinimumVisualStudioVersion = 10.0.40219.1
Project("{9A19103F-16F7-4668-BE54-9A1E7A4F7556}") = "AcFunDanmu", "AcFunDanmu\AcFunDanmu.csproj", "{1698860B-7DC2-4222-8A04-031A4BB76B82}"
EndProject
Project("{9A19103F-16F7-4668-BE54-9A1E7A4F7556}") = "AcFunDanmuConsole", "AcFunDanmuConsole\AcFunDanmuConsole.csproj", "{7F216CC8-E4C3-4437-BA4B-768C925AD1C5}"
EndProject
Project("{9A19103F-16F7-4668-BE54-9A1E7A4F7556}") = "AcFunDanmuLottery", "AcFunDanmuLottery\AcFunDanmuLottery.csproj", "{50F7456F-A731-429F-BDEC-E65FD5557BF8}"
EndProject
Project("{2150E333-8FDC-42A3-9474-1A3956D46DE8}") = "Solution Items", "Solution Items", "{8E9E6CC2-47A0-4419-893B-ACFA2F87BB88}"
	ProjectSection(SolutionItems) = preProject
		.gitignore = .gitignore
		README.md = README.md
	EndProjectSection
EndProject
Project("{9A19103F-16F7-4668-BE54-9A1E7A4F7556}") = "AcFunCommentLottery", "AcFunCommentLottery\AcFunCommentLottery.csproj", "{ADE48A38-4084-41C7-AC81-FB86CCF424BD}"
EndProject
Project("{9A19103F-16F7-4668-BE54-9A1E7A4F7556}") = "AcFunDanmuSongRequest", "AcFunDanmuSongRequest\AcFunDanmuSongRequest.csproj", "{A98B7E5D-F8D3-4E9F-BB9C-AAAE0670F3C1}"
EndProject
Project("{9A19103F-16F7-4668-BE54-9A1E7A4F7556}") = "AcFunDGJ", "AcFunDGJ\AcFunDGJ.csproj", "{3ADA5B46-0ECC-436D-8BEC-38998691A484}"
EndProject
Project("{9A19103F-16F7-4668-BE54-9A1E7A4F7556}") = "AcFunMomentLottery", "AcFunMomentLottery\AcFunMomentLottery.csproj", "{A3F89143-DEE9-471C-930D-A7F9391A4683}"
EndProject
Project("{9A19103F-16F7-4668-BE54-9A1E7A4F7556}") = "AcFunCommentControl", "AcFunCommentControl\AcFunCommentControl.csproj", "{147E8830-F06A-4B2B-949B-2F6A9B561529}"
EndProject
Project("{9A19103F-16F7-4668-BE54-9A1E7A4F7556}") = "AcFunVideoDanmuLottery", "AcFunVideoDanmuLottery\AcFunVideoDanmuLottery.csproj", "{75A79141-EBAE-4E97-A5A0-06CD421375C8}"
EndProject
Project("{9A19103F-16F7-4668-BE54-9A1E7A4F7556}") = "AcFunBlackBoxGuess", "AcFunBlackBoxGuess\AcFunBlackBoxGuess.csproj", "{7EC8419A-FE25-4414-8CE1-3A8B16D9BB4F}"
EndProject
Project("{9A19103F-16F7-4668-BE54-9A1E7A4F7556}") = "AcFunDMJ", "AcFunDMJ\AcFunDMJ.csproj", "{A0BF3FA4-9E81-4DCA-9FF5-22608780F927}"
EndProject
Project("{9A19103F-16F7-4668-BE54-9A1E7A4F7556}") = "AcFunDMJ-WASM.Server", "AcFunDMJ-WASM\Server\AcFunDMJ-WASM.Server.csproj", "{D2278387-947E-435B-97A7-7CE71373CC38}"
EndProject
Project("{9A19103F-16F7-4668-BE54-9A1E7A4F7556}") = "AcFunDMJ-WASM.Client", "AcFunDMJ-WASM\Client\AcFunDMJ-WASM.Client.csproj", "{82340879-6A90-4CDB-A5BA-BB2E974E602D}"
EndProject
Project("{9A19103F-16F7-4668-BE54-9A1E7A4F7556}") = "AcFunDMJ-WASM.Shared", "AcFunDMJ-WASM\Shared\AcFunDMJ-WASM.Shared.csproj", "{AC94AE8D-D5D6-4CDD-A0EB-14D94CDB0E9A}"
EndProject
Project("{9A19103F-16F7-4668-BE54-9A1E7A4F7556}") = "AcFunDMJ.Vanilla", "AcFunDMJ.Vanilla\AcFunDMJ.Vanilla.csproj", "{A153BB06-2517-401E-BE81-8133E757D8A1}"
EndProject
Project("{9A19103F-16F7-4668-BE54-9A1E7A4F7556}") = "AcFunOBS", "AcFunOBS\AcFunOBS.csproj", "{ADB16908-0FEB-4571-A190-0497A9FCB4BC}"
EndProject
Global
	GlobalSection(SolutionConfigurationPlatforms) = preSolution
		Debug|Any CPU = Debug|Any CPU
		Release|Any CPU = Release|Any CPU
	EndGlobalSection
	GlobalSection(ProjectConfigurationPlatforms) = postSolution
		{1698860B-7DC2-4222-8A04-031A4BB76B82}.Debug|Any CPU.ActiveCfg = Debug|Any CPU
		{1698860B-7DC2-4222-8A04-031A4BB76B82}.Debug|Any CPU.Build.0 = Debug|Any CPU
		{1698860B-7DC2-4222-8A04-031A4BB76B82}.Release|Any CPU.ActiveCfg = Release|Any CPU
		{1698860B-7DC2-4222-8A04-031A4BB76B82}.Release|Any CPU.Build.0 = Release|Any CPU
		{7F216CC8-E4C3-4437-BA4B-768C925AD1C5}.Debug|Any CPU.ActiveCfg = Debug|Any CPU
		{7F216CC8-E4C3-4437-BA4B-768C925AD1C5}.Debug|Any CPU.Build.0 = Debug|Any CPU
		{7F216CC8-E4C3-4437-BA4B-768C925AD1C5}.Release|Any CPU.ActiveCfg = Release|Any CPU
		{7F216CC8-E4C3-4437-BA4B-768C925AD1C5}.Release|Any CPU.Build.0 = Release|Any CPU
		{50F7456F-A731-429F-BDEC-E65FD5557BF8}.Debug|Any CPU.ActiveCfg = Debug|Any CPU
		{50F7456F-A731-429F-BDEC-E65FD5557BF8}.Debug|Any CPU.Build.0 = Debug|Any CPU
		{50F7456F-A731-429F-BDEC-E65FD5557BF8}.Release|Any CPU.ActiveCfg = Release|Any CPU
		{50F7456F-A731-429F-BDEC-E65FD5557BF8}.Release|Any CPU.Build.0 = Release|Any CPU
		{ADE48A38-4084-41C7-AC81-FB86CCF424BD}.Debug|Any CPU.ActiveCfg = Debug|Any CPU
		{ADE48A38-4084-41C7-AC81-FB86CCF424BD}.Debug|Any CPU.Build.0 = Debug|Any CPU
		{ADE48A38-4084-41C7-AC81-FB86CCF424BD}.Release|Any CPU.ActiveCfg = Release|Any CPU
		{ADE48A38-4084-41C7-AC81-FB86CCF424BD}.Release|Any CPU.Build.0 = Release|Any CPU
		{A98B7E5D-F8D3-4E9F-BB9C-AAAE0670F3C1}.Debug|Any CPU.ActiveCfg = Debug|Any CPU
		{A98B7E5D-F8D3-4E9F-BB9C-AAAE0670F3C1}.Debug|Any CPU.Build.0 = Debug|Any CPU
		{A98B7E5D-F8D3-4E9F-BB9C-AAAE0670F3C1}.Release|Any CPU.ActiveCfg = Release|Any CPU
		{A98B7E5D-F8D3-4E9F-BB9C-AAAE0670F3C1}.Release|Any CPU.Build.0 = Release|Any CPU
		{3ADA5B46-0ECC-436D-8BEC-38998691A484}.Debug|Any CPU.ActiveCfg = Debug|Any CPU
		{3ADA5B46-0ECC-436D-8BEC-38998691A484}.Debug|Any CPU.Build.0 = Debug|Any CPU
		{3ADA5B46-0ECC-436D-8BEC-38998691A484}.Release|Any CPU.ActiveCfg = Release|Any CPU
		{3ADA5B46-0ECC-436D-8BEC-38998691A484}.Release|Any CPU.Build.0 = Release|Any CPU
		{A3F89143-DEE9-471C-930D-A7F9391A4683}.Debug|Any CPU.ActiveCfg = Debug|Any CPU
		{A3F89143-DEE9-471C-930D-A7F9391A4683}.Debug|Any CPU.Build.0 = Debug|Any CPU
		{A3F89143-DEE9-471C-930D-A7F9391A4683}.Release|Any CPU.ActiveCfg = Release|Any CPU
		{A3F89143-DEE9-471C-930D-A7F9391A4683}.Release|Any CPU.Build.0 = Release|Any CPU
		{147E8830-F06A-4B2B-949B-2F6A9B561529}.Debug|Any CPU.ActiveCfg = Debug|Any CPU
		{147E8830-F06A-4B2B-949B-2F6A9B561529}.Debug|Any CPU.Build.0 = Debug|Any CPU
		{147E8830-F06A-4B2B-949B-2F6A9B561529}.Release|Any CPU.ActiveCfg = Release|Any CPU
		{147E8830-F06A-4B2B-949B-2F6A9B561529}.Release|Any CPU.Build.0 = Release|Any CPU
		{75A79141-EBAE-4E97-A5A0-06CD421375C8}.Debug|Any CPU.ActiveCfg = Debug|Any CPU
		{75A79141-EBAE-4E97-A5A0-06CD421375C8}.Debug|Any CPU.Build.0 = Debug|Any CPU
		{75A79141-EBAE-4E97-A5A0-06CD421375C8}.Release|Any CPU.ActiveCfg = Release|Any CPU
		{75A79141-EBAE-4E97-A5A0-06CD421375C8}.Release|Any CPU.Build.0 = Release|Any CPU
		{7EC8419A-FE25-4414-8CE1-3A8B16D9BB4F}.Debug|Any CPU.ActiveCfg = Debug|Any CPU
		{7EC8419A-FE25-4414-8CE1-3A8B16D9BB4F}.Debug|Any CPU.Build.0 = Debug|Any CPU
		{7EC8419A-FE25-4414-8CE1-3A8B16D9BB4F}.Release|Any CPU.ActiveCfg = Release|Any CPU
		{7EC8419A-FE25-4414-8CE1-3A8B16D9BB4F}.Release|Any CPU.Build.0 = Release|Any CPU
		{A0BF3FA4-9E81-4DCA-9FF5-22608780F927}.Debug|Any CPU.ActiveCfg = Debug|Any CPU
		{A0BF3FA4-9E81-4DCA-9FF5-22608780F927}.Debug|Any CPU.Build.0 = Debug|Any CPU
		{A0BF3FA4-9E81-4DCA-9FF5-22608780F927}.Release|Any CPU.ActiveCfg = Release|Any CPU
		{A0BF3FA4-9E81-4DCA-9FF5-22608780F927}.Release|Any CPU.Build.0 = Release|Any CPU
		{D2278387-947E-435B-97A7-7CE71373CC38}.Debug|Any CPU.ActiveCfg = Debug|Any CPU
		{D2278387-947E-435B-97A7-7CE71373CC38}.Debug|Any CPU.Build.0 = Debug|Any CPU
		{D2278387-947E-435B-97A7-7CE71373CC38}.Release|Any CPU.ActiveCfg = Release|Any CPU
		{D2278387-947E-435B-97A7-7CE71373CC38}.Release|Any CPU.Build.0 = Release|Any CPU
		{82340879-6A90-4CDB-A5BA-BB2E974E602D}.Debug|Any CPU.ActiveCfg = Debug|Any CPU
		{82340879-6A90-4CDB-A5BA-BB2E974E602D}.Debug|Any CPU.Build.0 = Debug|Any CPU
		{82340879-6A90-4CDB-A5BA-BB2E974E602D}.Release|Any CPU.ActiveCfg = Release|Any CPU
		{82340879-6A90-4CDB-A5BA-BB2E974E602D}.Release|Any CPU.Build.0 = Release|Any CPU
		{AC94AE8D-D5D6-4CDD-A0EB-14D94CDB0E9A}.Debug|Any CPU.ActiveCfg = Debug|Any CPU
		{AC94AE8D-D5D6-4CDD-A0EB-14D94CDB0E9A}.Debug|Any CPU.Build.0 = Debug|Any CPU
		{AC94AE8D-D5D6-4CDD-A0EB-14D94CDB0E9A}.Release|Any CPU.ActiveCfg = Release|Any CPU
		{AC94AE8D-D5D6-4CDD-A0EB-14D94CDB0E9A}.Release|Any CPU.Build.0 = Release|Any CPU
		{A153BB06-2517-401E-BE81-8133E757D8A1}.Debug|Any CPU.ActiveCfg = Debug|Any CPU
		{A153BB06-2517-401E-BE81-8133E757D8A1}.Debug|Any CPU.Build.0 = Debug|Any CPU
		{A153BB06-2517-401E-BE81-8133E757D8A1}.Release|Any CPU.ActiveCfg = Release|Any CPU
		{A153BB06-2517-401E-BE81-8133E757D8A1}.Release|Any CPU.Build.0 = Release|Any CPU
		{ADB16908-0FEB-4571-A190-0497A9FCB4BC}.Debug|Any CPU.ActiveCfg = Debug|Any CPU
		{ADB16908-0FEB-4571-A190-0497A9FCB4BC}.Debug|Any CPU.Build.0 = Debug|Any CPU
		{ADB16908-0FEB-4571-A190-0497A9FCB4BC}.Release|Any CPU.ActiveCfg = Release|Any CPU
		{ADB16908-0FEB-4571-A190-0497A9FCB4BC}.Release|Any CPU.Build.0 = Release|Any CPU
	EndGlobalSection
	GlobalSection(SolutionProperties) = preSolution
		HideSolutionNode = FALSE
	EndGlobalSection
	GlobalSection(ExtensibilityGlobals) = postSolution
		SolutionGuid = {FE8C9437-7382-4571-A873-195558F4EAEF}
	EndGlobalSection
EndGlobal
